<?xml version="1.0" encoding="utf-8"?>
<Project ToolsVersion="4.0" xmlns="http://schemas.microsoft.com/developer/msbuild/2003">
  <ItemGroup>
    <Filter Include="Quelldateien">
      <UniqueIdentifier>{4FC737F1-C7A5-4376-A066-2A32D752A2FF}</UniqueIdentifier>
      <Extensions>cpp;c;cc;cxx;def;odl;idl;hpj;bat;asm;asmx</Extensions>
    </Filter>
    <Filter Include="Headerdateien">
      <UniqueIdentifier>{93995380-89BD-4b04-88EB-625FBE52EBFB}</UniqueIdentifier>
      <Extensions>h;hh;hpp;hxx;hm;inl;inc;xsd</Extensions>
    </Filter>
    <Filter Include="Ressourcendateien">
      <UniqueIdentifier>{67DA6AB6-F800-4c08-8B7A-83BB121AAD01}</UniqueIdentifier>
      <Extensions>rc;ico;cur;bmp;dlg;rc2;rct;bin;rgs;gif;jpg;jpeg;jpe;resx;tiff;tif;png;wav;mfcribbon-ms</Extensions>
    </Filter>
  </ItemGroup>
  <ItemGroup>
    <ClCompile Include="Application.cpp">
      <Filter>Quelldateien</Filter>
    </ClCompile>
    <ClCompile Include="mainOpenGL.cpp">
      <Filter>Quelldateien</Filter>
    </ClCompile>
    <ClCompile Include="TextureLoader\TextureLoader.cpp">
      <Filter>Quelldateien</Filter>
    </ClCompile>
    <ClCompile Include="SceneBuilder\SpaceInvadersSceneBuilder.cpp">
      <Filter>Quelldateien</Filter>
    </ClCompile>
    <ClCompile Include="Renderer\ObjectRenderer.cpp">
      <Filter>Quelldateien</Filter>
    </ClCompile>
    <ClCompile Include="Renderer\TextRenderer.cpp">
      <Filter>Quelldateien</Filter>
    </ClCompile>
    <ClCompile Include="Registry\InputRegistry.cpp">
      <Filter>Quelldateien</Filter>
    </ClCompile>
    <ClCompile Include="Registry\ObjectRegistry.cpp">
      <Filter>Quelldateien</Filter>
    </ClCompile>
    <ClCompile Include="ObjectLoader\ObjectLoader.cpp">
      <Filter>Quelldateien</Filter>
    </ClCompile>
    <ClCompile Include="Game\Object\Item.cpp">
      <Filter>Quelldateien</Filter>
    </ClCompile>
    <ClCompile Include="Game\Object\Rectangle.cpp">
      <Filter>Quelldateien</Filter>
    </ClCompile>
    <ClCompile Include="Game\Object\SpaceInvader.cpp">
      <Filter>Quelldateien</Filter>
    </ClCompile>
    <ClCompile Include="Game\Object\SpaceInvaderShot.cpp">
      <Filter>Quelldateien</Filter>
    </ClCompile>
    <ClCompile Include="Game\Object\SpaceShip.cpp">
      <Filter>Quelldateien</Filter>
    </ClCompile>
    <ClCompile Include="Game\Object\SpaceShipShot.cpp">
      <Filter>Quelldateien</Filter>
    </ClCompile>
    <ClCompile Include="Game\Object\SpaceShipSpecialShot.cpp">
      <Filter>Quelldateien</Filter>
    </ClCompile>
    <ClCompile Include="Game\Interface\GameOver.cpp">
      <Filter>Quelldateien</Filter>
    </ClCompile>
    <ClCompile Include="Game\Interface\GameWin.cpp">
      <Filter>Quelldateien</Filter>
    </ClCompile>
    <ClCompile Include="Game\Background\Background.cpp">
      <Filter>Quelldateien</Filter>
    </ClCompile>
    <ClCompile Include="Camera\InterfaceCamera.cpp">
      <Filter>Quelldateien</Filter>
    </ClCompile>
    <ClCompile Include="Camera\SceneCamera.cpp">
      <Filter>Quelldateien</Filter>
    </ClCompile>
    <ClCompile Include="lib\tinyobjloader\tiny_obj_loader.cc">
      <Filter>Quelldateien</Filter>
    </ClCompile>
  </ItemGroup>
  <ItemGroup>
    <ClInclude Include="Application.h">
      <Filter>Headerdateien</Filter>
    </ClInclude>
    <ClInclude Include="TextureLoader\ITextureLoader.h">
      <Filter>Headerdateien</Filter>
    </ClInclude>
    <ClInclude Include="TextureLoader\TextureLoader.h">
      <Filter>Headerdateien</Filter>
    </ClInclude>
    <ClInclude Include="SceneBuilder\ISceneBuilder.h">
      <Filter>Headerdateien</Filter>
    </ClInclude>
    <ClInclude Include="SceneBuilder\SpaceInvadersSceneBuilder.h">
      <Filter>Headerdateien</Filter>
    </ClInclude>
    <ClInclude Include="Renderer\ObjectRenderer.h">
      <Filter>Headerdateien</Filter>
    </ClInclude>
    <ClInclude Include="Renderer\TextRenderer.h">
      <Filter>Headerdateien</Filter>
    </ClInclude>
    <ClInclude Include="Registry\GameRegistry.h">
      <Filter>Headerdateien</Filter>
    </ClInclude>
    <ClInclude Include="Registry\InputRegistry.h">
      <Filter>Headerdateien</Filter>
    </ClInclude>
    <ClInclude Include="Registry\ObjectRegistry.h">
      <Filter>Headerdateien</Filter>
    </ClInclude>
    <ClInclude Include="ObjectLoader\ObjectLoader.h">
      <Filter>Headerdateien</Filter>
    </ClInclude>
    <ClInclude Include="Model\Object.h">
      <Filter>Headerdateien</Filter>
    </ClInclude>
    <ClInclude Include="Game\IBackground.h">
      <Filter>Headerdateien</Filter>
    </ClInclude>
    <ClInclude Include="Game\IInterface.h">
      <Filter>Headerdateien</Filter>
    </ClInclude>
    <ClInclude Include="Game\IItem.h">
      <Filter>Headerdateien</Filter>
    </ClInclude>
    <ClInclude Include="Game\IObject.h">
      <Filter>Headerdateien</Filter>
    </ClInclude>
    <ClInclude Include="Game\IShootable.h">
      <Filter>Headerdateien</Filter>
    </ClInclude>
    <ClInclude Include="Game\IShot.h">
      <Filter>Headerdateien</Filter>
    </ClInclude>
    <ClInclude Include="Game\Object\Item.h">
      <Filter>Headerdateien</Filter>
    </ClInclude>
    <ClInclude Include="Game\Object\Rectangle.h">
      <Filter>Headerdateien</Filter>
    </ClInclude>
    <ClInclude Include="Game\Object\SpaceInvader.h">
      <Filter>Headerdateien</Filter>
    </ClInclude>
    <ClInclude Include="Game\Object\SpaceInvaderShot.h">
      <Filter>Headerdateien</Filter>
    </ClInclude>
    <ClInclude Include="Game\Object\SpaceShip.h">
      <Filter>Headerdateien</Filter>
    </ClInclude>
    <ClInclude Include="Game\Object\SpaceShipShot.h">
      <Filter>Headerdateien</Filter>
    </ClInclude>
    <ClInclude Include="Game\Object\SpaceShipSpecialShot.h">
      <Filter>Headerdateien</Filter>
    </ClInclude>
    <ClInclude Include="Game\Interface\GameOver.h">
      <Filter>Headerdateien</Filter>
    </ClInclude>
    <ClInclude Include="Game\Interface\GameWin.h">
      <Filter>Headerdateien</Filter>
    </ClInclude>
    <ClInclude Include="Game\Background\Background.h">
      <Filter>Headerdateien</Filter>
    </ClInclude>
    <ClInclude Include="Factory\Factory.h">
      <Filter>Headerdateien</Filter>
    </ClInclude>
    <ClInclude Include="Camera\ICamera.h">
      <Filter>Headerdateien</Filter>
    </ClInclude>
    <ClInclude Include="Camera\InterfaceCamera.h">
      <Filter>Headerdateien</Filter>
    </ClInclude>
    <ClInclude Include="Camera\SceneCamera.h">
      <Filter>Headerdateien</Filter>
    </ClInclude>
    <ClInclude Include="lib\tinyobjloader\tiny_obj_loader.h">
      <Filter>Headerdateien</Filter>
    </ClInclude>
    <ClInclude Include="Model\Text.h">
      <Filter>Headerdateien</Filter>
    </ClInclude>
  </ItemGroup>
</Project>